
Microsoft Visual Studio Solution File, Format Version 12.00
# Visual Studio Version 17
VisualStudioVersion = 17.0.32112.339
MinimumVisualStudioVersion = 10.0.40219.1
Project("{9A19103F-16F7-4668-BE54-9A1E7A4F7556}") = "King.Data", "King.Data\King.Data.csproj", "{5CE3A6F8-63EF-478F-895D-6FEDB94B5258}"
EndProject
Project("{9A19103F-16F7-4668-BE54-9A1E7A4F7556}") = "King.DAL", "King.DAL\King.DAL.csproj", "{43A7605A-9B74-41E6-818B-242B73A0984F}"
EndProject
Project("{9A19103F-16F7-4668-BE54-9A1E7A4F7556}") = "King.BLL", "King.BLL\King.BLL.csproj", "{5F1C4BB3-B2D6-4D59-8A5D-31EAD6EA3BF7}"
EndProject
Project("{9A19103F-16F7-4668-BE54-9A1E7A4F7556}") = "King.Interface", "King.Interface\King.Interface.csproj", "{D1699F98-AB82-494A-825C-72505F946BA9}"
EndProject
Project("{9A19103F-16F7-4668-BE54-9A1E7A4F7556}") = "King.Helper", "King.Helper\King.Helper.csproj", "{570E6278-6889-4FA4-AD5E-B96A7CB03CED}"
EndProject
Project("{9A19103F-16F7-4668-BE54-9A1E7A4F7556}") = "King.AdminSite", "King.AdminSite\King.AdminSite.csproj", "{11D139BB-375C-42A8-A3C2-E95867282636}"
EndProject
Project("{9A19103F-16F7-4668-BE54-9A1E7A4F7556}") = "King.Utils", "King.Utils\King.Utils.csproj", "{B11DD2CA-4F3B-40D5-9D0C-FCF1EE530C73}"
EndProject
Project("{2150E333-8FDC-42A3-9474-1A3956D46DE8}") = "Admin", "Admin", "{57C71339-B03F-41C7-B133-2C7E90F2E8A2}"
EndProject
Project("{9A19103F-16F7-4668-BE54-9A1E7A4F7556}") = "King.Wecat", "King.Wecat\King.Wecat.csproj", "{6967E80E-12AF-4E31-837E-D8641AA4D5F9}"
EndProject
Project("{9A19103F-16F7-4668-BE54-9A1E7A4F7556}") = "King.Api", "King.Api\King.Api.csproj", "{2806CCA5-7241-483F-8884-6C6BBC580723}"
EndProject
Project("{2150E333-8FDC-42A3-9474-1A3956D46DE8}") = "Api", "Api", "{818FCE43-93B6-4580-924D-2B393C8B50B8}"
EndProject
Project("{FAE04EC0-301F-11D3-BF4B-00C04F79EFBC}") = "King.Jobs", "King.Jobs\King.Jobs.csproj", "{5762F99E-8335-4A55-B2FE-ABB85A83B887}"
EndProject
Global
	GlobalSection(SolutionConfigurationPlatforms) = preSolution
		Debug|Any CPU = Debug|Any CPU
		Release|Any CPU = Release|Any CPU
	EndGlobalSection
	GlobalSection(ProjectConfigurationPlatforms) = postSolution
		{5CE3A6F8-63EF-478F-895D-6FEDB94B5258}.Debug|Any CPU.ActiveCfg = Debug|Any CPU
		{5CE3A6F8-63EF-478F-895D-6FEDB94B5258}.Debug|Any CPU.Build.0 = Debug|Any CPU
		{5CE3A6F8-63EF-478F-895D-6FEDB94B5258}.Release|Any CPU.ActiveCfg = Release|Any CPU
		{5CE3A6F8-63EF-478F-895D-6FEDB94B5258}.Release|Any CPU.Build.0 = Release|Any CPU
		{43A7605A-9B74-41E6-818B-242B73A0984F}.Debug|Any CPU.ActiveCfg = Debug|Any CPU
		{43A7605A-9B74-41E6-818B-242B73A0984F}.Debug|Any CPU.Build.0 = Debug|Any CPU
		{43A7605A-9B74-41E6-818B-242B73A0984F}.Release|Any CPU.ActiveCfg = Release|Any CPU
		{43A7605A-9B74-41E6-818B-242B73A0984F}.Release|Any CPU.Build.0 = Release|Any CPU
		{5F1C4BB3-B2D6-4D59-8A5D-31EAD6EA3BF7}.Debug|Any CPU.ActiveCfg = Debug|Any CPU
		{5F1C4BB3-B2D6-4D59-8A5D-31EAD6EA3BF7}.Debug|Any CPU.Build.0 = Debug|Any CPU
		{5F1C4BB3-B2D6-4D59-8A5D-31EAD6EA3BF7}.Release|Any CPU.ActiveCfg = Release|Any CPU
		{5F1C4BB3-B2D6-4D59-8A5D-31EAD6EA3BF7}.Release|Any CPU.Build.0 = Release|Any CPU
		{D1699F98-AB82-494A-825C-72505F946BA9}.Debug|Any CPU.ActiveCfg = Debug|Any CPU
		{D1699F98-AB82-494A-825C-72505F946BA9}.Debug|Any CPU.Build.0 = Debug|Any CPU
		{D1699F98-AB82-494A-825C-72505F946BA9}.Release|Any CPU.ActiveCfg = Release|Any CPU
		{D1699F98-AB82-494A-825C-72505F946BA9}.Release|Any CPU.Build.0 = Release|Any CPU
		{570E6278-6889-4FA4-AD5E-B96A7CB03CED}.Debug|Any CPU.ActiveCfg = Debug|Any CPU
		{570E6278-6889-4FA4-AD5E-B96A7CB03CED}.Debug|Any CPU.Build.0 = Debug|Any CPU
		{570E6278-6889-4FA4-AD5E-B96A7CB03CED}.Release|Any CPU.ActiveCfg = Release|Any CPU
		{570E6278-6889-4FA4-AD5E-B96A7CB03CED}.Release|Any CPU.Build.0 = Release|Any CPU
		{11D139BB-375C-42A8-A3C2-E95867282636}.Debug|Any CPU.ActiveCfg = Debug|Any CPU
		{11D139BB-375C-42A8-A3C2-E95867282636}.Debug|Any CPU.Build.0 = Debug|Any CPU
		{11D139BB-375C-42A8-A3C2-E95867282636}.Release|Any CPU.ActiveCfg = Release|Any CPU
		{11D139BB-375C-42A8-A3C2-E95867282636}.Release|Any CPU.Build.0 = Release|Any CPU
		{B11DD2CA-4F3B-40D5-9D0C-FCF1EE530C73}.Debug|Any CPU.ActiveCfg = Debug|Any CPU
		{B11DD2CA-4F3B-40D5-9D0C-FCF1EE530C73}.Debug|Any CPU.Build.0 = Debug|Any CPU
		{B11DD2CA-4F3B-40D5-9D0C-FCF1EE530C73}.Release|Any CPU.ActiveCfg = Release|Any CPU
		{B11DD2CA-4F3B-40D5-9D0C-FCF1EE530C73}.Release|Any CPU.Build.0 = Release|Any CPU
		{6967E80E-12AF-4E31-837E-D8641AA4D5F9}.Debug|Any CPU.ActiveCfg = Debug|Any CPU
		{6967E80E-12AF-4E31-837E-D8641AA4D5F9}.Debug|Any CPU.Build.0 = Debug|Any CPU
		{6967E80E-12AF-4E31-837E-D8641AA4D5F9}.Release|Any CPU.ActiveCfg = Release|Any CPU
		{6967E80E-12AF-4E31-837E-D8641AA4D5F9}.Release|Any CPU.Build.0 = Release|Any CPU
		{2806CCA5-7241-483F-8884-6C6BBC580723}.Debug|Any CPU.ActiveCfg = Debug|Any CPU
		{2806CCA5-7241-483F-8884-6C6BBC580723}.Debug|Any CPU.Build.0 = Debug|Any CPU
		{2806CCA5-7241-483F-8884-6C6BBC580723}.Release|Any CPU.ActiveCfg = Release|Any CPU
		{2806CCA5-7241-483F-8884-6C6BBC580723}.Release|Any CPU.Build.0 = Release|Any CPU
		{5762F99E-8335-4A55-B2FE-ABB85A83B887}.Debug|Any CPU.ActiveCfg = Debug|Any CPU
		{5762F99E-8335-4A55-B2FE-ABB85A83B887}.Debug|Any CPU.Build.0 = Debug|Any CPU
		{5762F99E-8335-4A55-B2FE-ABB85A83B887}.Release|Any CPU.ActiveCfg = Release|Any CPU
		{5762F99E-8335-4A55-B2FE-ABB85A83B887}.Release|Any CPU.Build.0 = Release|Any CPU
	EndGlobalSection
	GlobalSection(SolutionProperties) = preSolution
		HideSolutionNode = FALSE
	EndGlobalSection
	GlobalSection(NestedProjects) = preSolution
		{11D139BB-375C-42A8-A3C2-E95867282636} = {57C71339-B03F-41C7-B133-2C7E90F2E8A2}
		{B11DD2CA-4F3B-40D5-9D0C-FCF1EE530C73} = {57C71339-B03F-41C7-B133-2C7E90F2E8A2}
		{6967E80E-12AF-4E31-837E-D8641AA4D5F9} = {57C71339-B03F-41C7-B133-2C7E90F2E8A2}
		{2806CCA5-7241-483F-8884-6C6BBC580723} = {818FCE43-93B6-4580-924D-2B393C8B50B8}
		{5762F99E-8335-4A55-B2FE-ABB85A83B887} = {57C71339-B03F-41C7-B133-2C7E90F2E8A2}
	EndGlobalSection
	GlobalSection(ExtensibilityGlobals) = postSolution
		SolutionGuid = {F38A8B0F-C635-40EF-A579-DC9051526E23}
	EndGlobalSection
EndGlobal
